
Microsoft Visual Studio Solution File, Format Version 12.00
# Visual Studio 15
VisualStudioVersion = 15.0.27130.2010
MinimumVisualStudioVersion = 10.0.40219.1
Project("{FAE04EC0-301F-11D3-BF4B-00C04F79EFBC}") = "ToolGood.RcxTest", "ToolGood.RcxTest\ToolGood.RcxTest.csproj", "{A9FA6B65-1B0D-48D4-9F84-2CF90BAED969}"
EndProject
Global
	GlobalSection(SolutionConfigurationPlatforms) = preSolution
		Debug|Any CPU = Debug|Any CPU
		Release|Any CPU = Release|Any CPU
	EndGlobalSection
	GlobalSection(ProjectConfigurationPlatforms) = postSolution
		{A9FA6B65-1B0D-48D4-9F84-2CF90BAED969}.Debug|Any CPU.ActiveCfg = Debug|Any CPU
		{A9FA6B65-1B0D-48D4-9F84-2CF90BAED969}.Debug|Any CPU.Build.0 = Debug|Any CPU
		{A9FA6B65-1B0D-48D4-9F84-2CF90BAED969}.Release|Any CPU.ActiveCfg = Release|Any CPU
		{A9FA6B65-1B0D-48D4-9F84-2CF90BAED969}.Release|Any CPU.Build.0 = Release|Any CPU
	EndGlobalSection
	GlobalSection(SolutionProperties) = preSolution
		HideSolutionNode = FALSE
	EndGlobalSection
	GlobalSection(ExtensibilityGlobals) = postSolution
		SolutionGuid = {31811F33-D5A8-4AD6-857F-F43555ED7ACB}
	EndGlobalSection
EndGlobal
